
Microsoft Visual Studio Solution File, Format Version 12.00
# Visual Studio Version 17
VisualStudioVersion = 17.10.35013.160
MinimumVisualStudioVersion = 10.0.40219.1
Project("{FAE04EC0-301F-11D3-BF4B-00C04F79EFBC}") = "MEV_07", "MEV_07\MEV_07.csproj", "{D661383D-27DB-4CF9-A9F4-48EEDDB91444}"
EndProject
Global
	GlobalSection(SolutionConfigurationPlatforms) = preSolution
		Debug|Any CPU = Debug|Any CPU
		Release|Any CPU = Release|Any CPU
	EndGlobalSection
	GlobalSection(ProjectConfigurationPlatforms) = postSolution
		{D661383D-27DB-4CF9-A9F4-48EEDDB91444}.Debug|Any CPU.ActiveCfg = Debug|Any CPU
		{D661383D-27DB-4CF9-A9F4-48EEDDB91444}.Debug|Any CPU.Build.0 = Debug|Any CPU
		{D661383D-27DB-4CF9-A9F4-48EEDDB91444}.Release|Any CPU.ActiveCfg = Release|Any CPU
		{D661383D-27DB-4CF9-A9F4-48EEDDB91444}.Release|Any CPU.Build.0 = Release|Any CPU
	EndGlobalSection
	GlobalSection(SolutionProperties) = preSolution
		HideSolutionNode = FALSE
	EndGlobalSection
	GlobalSection(ExtensibilityGlobals) = postSolution
		SolutionGuid = {29700BEB-E689-4894-A02B-0F32A3B6D301}
	EndGlobalSection
EndGlobal
